
Microsoft Visual Studio Solution File, Format Version 12.00
# Visual Studio 15
VisualStudioVersion = 15.0.28307.1082
MinimumVisualStudioVersion = 10.0.40219.1
Project("{D2ABAB84-BF74-430A-B69E-9DC6D40DDA17}") = "70-768 Chap1", "70-768 Chap1\70-768 Chap1.dwproj", "{69441695-A813-4BA5-9520-9F0376D76F4A}"
EndProject
Global
	GlobalSection(SolutionConfigurationPlatforms) = preSolution
		Development|Default = Development|Default
	EndGlobalSection
	GlobalSection(ProjectConfigurationPlatforms) = postSolution
		{69441695-A813-4BA5-9520-9F0376D76F4A}.Development|Default.ActiveCfg = Development
		{69441695-A813-4BA5-9520-9F0376D76F4A}.Development|Default.Build.0 = Development
		{69441695-A813-4BA5-9520-9F0376D76F4A}.Development|Default.Deploy.0 = Development
	EndGlobalSection
	GlobalSection(SolutionProperties) = preSolution
		HideSolutionNode = FALSE
	EndGlobalSection
	GlobalSection(ExtensibilityGlobals) = postSolution
		SolutionGuid = {352D5980-332F-4234-815C-62861D48788E}
	EndGlobalSection
EndGlobal
